{
  "name": "requests-backend",
  "lockfileVersion": 2,
  "requires": true,
  "packages": {
    "": {
      "dependencies": {
        "aws-jwt-verify": "^2.1.3"
      }
    },
    "node_modules/aws-jwt-verify": {
      "version": "2.1.3",
      "resolved": "https://registry.npmjs.org/aws-jwt-verify/-/aws-jwt-verify-2.1.3.tgz",
      "integrity": "sha512-XAlt1IaQg9SRpuKPAhW1I1/E9Q63bPI/O+W5dcGniDwTJSbAUVZsH80XxeuADBCD2eIWEUlKOFfLmzhXZqt9tA==",
      "engines": {
        "node": ">=14.0.0"
      }
    }
  },
  "dependencies": {
    "aws-jwt-verify": {
      "version": "2.1.3",
      "resolved": "https://registry.npmjs.org/aws-jwt-verify/-/aws-jwt-verify-2.1.3.tgz",
      "integrity": "sha512-XAlt1IaQg9SRpuKPAhW1I1/E9Q63bPI/O+W5dcGniDwTJSbAUVZsH80XxeuADBCD2eIWEUlKOFfLmzhXZqt9tA=="
    }
  }
}
